// !$*UTF8*$!
{
	archiveVersion = 1;
	classes = {
	};
	objectVersion = 77;
	objects = {

/* Begin PBXBuildFile section */
		087462FCFA32A0F406C5DB8C /* MemoHistoryView.swift in Sources */ = {isa = PBXBuildFile; fileRef = 4D247BF077237E1AE486399C /* MemoHistoryView.swift */; };
		0FE1CD196745B81ADA86FE86 /* InputView.swift in Sources */ = {isa = PBXBuildFile; fileRef = 69A34911ED403848B67ADD64 /* InputView.swift */; };
		1DC4481D5BCD5DC3D07B4AA1 /* ThreadFormatter.swift in Sources */ = {isa = PBXBuildFile; fileRef = BB861EDC8D5C8ACF200B7F67 /* ThreadFormatter.swift */; };
		290A58969F3724621B5EFAF7 /* ThreadSuggestion.swift in Sources */ = {isa = PBXBuildFile; fileRef = BA8D3FDDA5F5EC07BFC3A99E /* ThreadSuggestion.swift */; };
		2C798F6A7632C4935507839F /* ContentRootView.swift in Sources */ = {isa = PBXBuildFile; fileRef = AD24FCAC707F3C3D5E60097A /* ContentRootView.swift */; };
		484FE608CBB708DAF5A2C4B9 /* ThreadItem.swift in Sources */ = {isa = PBXBuildFile; fileRef = 36B45FC67AE5F9881B504467 /* ThreadItem.swift */; };
		4D858FA379148CF9AA1FD16E /* FoundationModels.framework in Frameworks */ = {isa = PBXBuildFile; fileRef = F0C1FBD484EA854178467825 /* FoundationModels.framework */; };
		567B10941E55495DC6B9FB5F /* AppleIntelligenceErrorView.swift in Sources */ = {isa = PBXBuildFile; fileRef = 078548E9FC30CD34684D9C56 /* AppleIntelligenceErrorView.swift */; };
		572E85F1AB949272AD2D99E3 /* MemoProcessor.swift in Sources */ = {isa = PBXBuildFile; fileRef = 710D3B758B64A1B9E739E6A4 /* MemoProcessor.swift */; };
		5A6DF8C46608591BF936EB3D /* FormattedThread.swift in Sources */ = {isa = PBXBuildFile; fileRef = 7D2D25DC3D6CEBB0CC94B296 /* FormattedThread.swift */; };
		7C0274ADC640665D669A5820 /* ThreadDetailView.swift in Sources */ = {isa = PBXBuildFile; fileRef = A089AF910B284FC6712CFF44 /* ThreadDetailView.swift */; };
		BD6DBAE08DD0A518B0B04BD3 /* ThreadListView.swift in Sources */ = {isa = PBXBuildFile; fileRef = 041027BACC73BF1B53F4168A /* ThreadListView.swift */; };
		BF37A2977D7053B44FDF6630 /* Thread.swift in Sources */ = {isa = PBXBuildFile; fileRef = D2B4725155F5D54135C3F52B /* Thread.swift */; };
		C2CC8B824D08483BBBD54A4B /* SwiftData.framework in Frameworks */ = {isa = PBXBuildFile; fileRef = BBDC8F379F43B05665FB7F6A /* SwiftData.framework */; };
		C6D1A737F5AFF400D0F7E317 /* TriageCardView.swift in Sources */ = {isa = PBXBuildFile; fileRef = 61F49FA60006906F592A0B60 /* TriageCardView.swift */; };
		D2FA68082316C1CD668B7575 /* BakusokuMemoAppTests.swift in Sources */ = {isa = PBXBuildFile; fileRef = 8F99749C1D2EBA9C1832C7E4 /* BakusokuMemoAppTests.swift */; };
		D4517908202F76B9BB99474E /* PendingMemo.swift in Sources */ = {isa = PBXBuildFile; fileRef = E7BDB8D7D72D05AC5831F718 /* PendingMemo.swift */; };
		D8F29CA69FEFE8795D8D0DBB /* RootView.swift in Sources */ = {isa = PBXBuildFile; fileRef = B8A98AE0126729A7F176D9EA /* RootView.swift */; };
		E099A344233CFB4EF1BF4F90 /* Localizable.strings in Resources */ = {isa = PBXBuildFile; fileRef = E05EB67B42CF89BD64E8BDBE /* Localizable.strings */; };
		E90F787409FA0621E0134F3B /* TriageSheetView.swift in Sources */ = {isa = PBXBuildFile; fileRef = 223B6B12D5520EA453DB70E5 /* TriageSheetView.swift */; };
		F2F7CDBB69EB36611568C1F9 /* ThreadRowView.swift in Sources */ = {isa = PBXBuildFile; fileRef = 121DA09FF5E2FBEC754EF4F0 /* ThreadRowView.swift */; };
		FDB733AB2E32474EBA6C2756 /* BakusokuMemoApp.swift in Sources */ = {isa = PBXBuildFile; fileRef = FFE355368D9065B8DD8BC9BD /* BakusokuMemoApp.swift */; };
/* End PBXBuildFile section */

/* Begin PBXContainerItemProxy section */
		7FD68EF22755BE7B812CA0A3 /* PBXContainerItemProxy */ = {
			isa = PBXContainerItemProxy;
			containerPortal = 999DCCEC9236BDA73750186B /* Project object */;
			proxyType = 1;
			remoteGlobalIDString = ECCEB6D333D262A5E121EA35;
			remoteInfo = BakusokuMemoApp;
		};
/* End PBXContainerItemProxy section */

/* Begin PBXFileReference section */
		041027BACC73BF1B53F4168A /* ThreadListView.swift */ = {isa = PBXFileReference; lastKnownFileType = sourcecode.swift; path = ThreadListView.swift; sourceTree = "<group>"; };
		0579E06613C8FAA67026BA38 /* BakusokuMemoAppTests.xctest */ = {isa = PBXFileReference; includeInIndex = 0; lastKnownFileType = wrapper.cfbundle; path = BakusokuMemoAppTests.xctest; sourceTree = BUILT_PRODUCTS_DIR; };
		078548E9FC30CD34684D9C56 /* AppleIntelligenceErrorView.swift */ = {isa = PBXFileReference; lastKnownFileType = sourcecode.swift; path = AppleIntelligenceErrorView.swift; sourceTree = "<group>"; };
		121DA09FF5E2FBEC754EF4F0 /* ThreadRowView.swift */ = {isa = PBXFileReference; lastKnownFileType = sourcecode.swift; path = ThreadRowView.swift; sourceTree = "<group>"; };
		223B6B12D5520EA453DB70E5 /* TriageSheetView.swift */ = {isa = PBXFileReference; lastKnownFileType = sourcecode.swift; path = TriageSheetView.swift; sourceTree = "<group>"; };
		36B45FC67AE5F9881B504467 /* ThreadItem.swift */ = {isa = PBXFileReference; lastKnownFileType = sourcecode.swift; path = ThreadItem.swift; sourceTree = "<group>"; };
		4D247BF077237E1AE486399C /* MemoHistoryView.swift */ = {isa = PBXFileReference; lastKnownFileType = sourcecode.swift; path = MemoHistoryView.swift; sourceTree = "<group>"; };
		61F49FA60006906F592A0B60 /* TriageCardView.swift */ = {isa = PBXFileReference; lastKnownFileType = sourcecode.swift; path = TriageCardView.swift; sourceTree = "<group>"; };
		69A34911ED403848B67ADD64 /* InputView.swift */ = {isa = PBXFileReference; lastKnownFileType = sourcecode.swift; path = InputView.swift; sourceTree = "<group>"; };
		710D3B758B64A1B9E739E6A4 /* MemoProcessor.swift */ = {isa = PBXFileReference; lastKnownFileType = sourcecode.swift; path = MemoProcessor.swift; sourceTree = "<group>"; };
		7D2D25DC3D6CEBB0CC94B296 /* FormattedThread.swift */ = {isa = PBXFileReference; lastKnownFileType = sourcecode.swift; path = FormattedThread.swift; sourceTree = "<group>"; };
		8F99749C1D2EBA9C1832C7E4 /* BakusokuMemoAppTests.swift */ = {isa = PBXFileReference; lastKnownFileType = sourcecode.swift; path = BakusokuMemoAppTests.swift; sourceTree = "<group>"; };
		A089AF910B284FC6712CFF44 /* ThreadDetailView.swift */ = {isa = PBXFileReference; lastKnownFileType = sourcecode.swift; path = ThreadDetailView.swift; sourceTree = "<group>"; };
		AD24FCAC707F3C3D5E60097A /* ContentRootView.swift */ = {isa = PBXFileReference; lastKnownFileType = sourcecode.swift; path = ContentRootView.swift; sourceTree = "<group>"; };
		B8A98AE0126729A7F176D9EA /* RootView.swift */ = {isa = PBXFileReference; lastKnownFileType = sourcecode.swift; path = RootView.swift; sourceTree = "<group>"; };
		BA8D3FDDA5F5EC07BFC3A99E /* ThreadSuggestion.swift */ = {isa = PBXFileReference; lastKnownFileType = sourcecode.swift; path = ThreadSuggestion.swift; sourceTree = "<group>"; };
		BB861EDC8D5C8ACF200B7F67 /* ThreadFormatter.swift */ = {isa = PBXFileReference; lastKnownFileType = sourcecode.swift; path = ThreadFormatter.swift; sourceTree = "<group>"; };
		BBDC8F379F43B05665FB7F6A /* SwiftData.framework */ = {isa = PBXFileReference; lastKnownFileType = wrapper.framework; name = SwiftData.framework; path = System/Library/Frameworks/SwiftData.framework; sourceTree = SDKROOT; };
		CBA5A7ADBA5984C5A81DE310 /* BakusokuMemoApp.app */ = {isa = PBXFileReference; includeInIndex = 0; lastKnownFileType = wrapper.application; path = BakusokuMemoApp.app; sourceTree = BUILT_PRODUCTS_DIR; };
		CD82C92D1F10F8220AD97F63 /* Info.plist */ = {isa = PBXFileReference; lastKnownFileType = text.plist; path = Info.plist; sourceTree = "<group>"; };
		D2B4725155F5D54135C3F52B /* Thread.swift */ = {isa = PBXFileReference; lastKnownFileType = sourcecode.swift; path = Thread.swift; sourceTree = "<group>"; };
		E05EB67B42CF89BD64E8BDBE /* Localizable.strings */ = {isa = PBXFileReference; lastKnownFileType = text.plist.strings; path = Localizable.strings; sourceTree = "<group>"; };
		E7BDB8D7D72D05AC5831F718 /* PendingMemo.swift */ = {isa = PBXFileReference; lastKnownFileType = sourcecode.swift; path = PendingMemo.swift; sourceTree = "<group>"; };
		F0C1FBD484EA854178467825 /* FoundationModels.framework */ = {isa = PBXFileReference; lastKnownFileType = wrapper.framework; name = FoundationModels.framework; path = System/Library/Frameworks/FoundationModels.framework; sourceTree = SDKROOT; };
		FFE355368D9065B8DD8BC9BD /* BakusokuMemoApp.swift */ = {isa = PBXFileReference; lastKnownFileType = sourcecode.swift; path = BakusokuMemoApp.swift; sourceTree = "<group>"; };
/* End PBXFileReference section */

/* Begin PBXFrameworksBuildPhase section */
		934F822377827C32D4FE9E84 /* Frameworks */ = {
			isa = PBXFrameworksBuildPhase;
			buildActionMask = 2147483647;
			files = (
				4D858FA379148CF9AA1FD16E /* FoundationModels.framework in Frameworks */,
				C2CC8B824D08483BBBD54A4B /* SwiftData.framework in Frameworks */,
			);
			runOnlyForDeploymentPostprocessing = 0;
		};
/* End PBXFrameworksBuildPhase section */

/* Begin PBXGroup section */
		02514DC6A14C277A63DFDA64 /* Resources */ = {
			isa = PBXGroup;
			children = (
				E05EB67B42CF89BD64E8BDBE /* Localizable.strings */,
			);
			path = Resources;
			sourceTree = "<group>";
		};
		532EB873202D255006C18A4E /* Triage */ = {
			isa = PBXGroup;
			children = (
				61F49FA60006906F592A0B60 /* TriageCardView.swift */,
				223B6B12D5520EA453DB70E5 /* TriageSheetView.swift */,
			);
			path = Triage;
			sourceTree = "<group>";
		};
		5558FFF2479C7E2CA18F4F66 /* Models */ = {
			isa = PBXGroup;
			children = (
				E7BDB8D7D72D05AC5831F718 /* PendingMemo.swift */,
				D2B4725155F5D54135C3F52B /* Thread.swift */,
				36B45FC67AE5F9881B504467 /* ThreadItem.swift */,
			);
			path = Models;
			sourceTree = "<group>";
		};
		574C87EF375268F67B5EF6A5 /* App */ = {
			isa = PBXGroup;
			children = (
				FFE355368D9065B8DD8BC9BD /* BakusokuMemoApp.swift */,
				AD24FCAC707F3C3D5E60097A /* ContentRootView.swift */,
			);
			path = App;
			sourceTree = "<group>";
		};
		60A464232E55F0A65360B0D8 /* Views */ = {
			isa = PBXGroup;
			children = (
				B8A98AE0126729A7F176D9EA /* RootView.swift */,
				F138D3CB47170DEA3A2B5A25 /* Detail */,
				792874AB44F3FF47517D53DA /* Error */,
				8D79E01E02FE805D2F881C45 /* Input */,
				AC0383A53126FB26F7C9681A /* List */,
				532EB873202D255006C18A4E /* Triage */,
			);
			path = Views;
			sourceTree = "<group>";
		};
		617BC7D14809EDC968450B23 /* Frameworks */ = {
			isa = PBXGroup;
			children = (
				F0C1FBD484EA854178467825 /* FoundationModels.framework */,
				BBDC8F379F43B05665FB7F6A /* SwiftData.framework */,
			);
			name = Frameworks;
			sourceTree = "<group>";
		};
		6462A6CB87032A0D2E3A9FCE /* Products */ = {
			isa = PBXGroup;
			children = (
				CBA5A7ADBA5984C5A81DE310 /* BakusokuMemoApp.app */,
				0579E06613C8FAA67026BA38 /* BakusokuMemoAppTests.xctest */,
			);
			name = Products;
			sourceTree = "<group>";
		};
		73E660554A8A2313584F77FE = {
			isa = PBXGroup;
			children = (
				F8FB4E01D2D14A20FDE32BDD /* BakusokuMemoApp */,
				E99D7C2F60490DC73AD19E59 /* BakusokuMemoAppTests */,
				617BC7D14809EDC968450B23 /* Frameworks */,
				6462A6CB87032A0D2E3A9FCE /* Products */,
			);
			indentWidth = 4;
			sourceTree = "<group>";
			tabWidth = 4;
			usesTabs = 0;
		};
		792874AB44F3FF47517D53DA /* Error */ = {
			isa = PBXGroup;
			children = (
				078548E9FC30CD34684D9C56 /* AppleIntelligenceErrorView.swift */,
			);
			path = Error;
			sourceTree = "<group>";
		};
		8D79E01E02FE805D2F881C45 /* Input */ = {
			isa = PBXGroup;
			children = (
				69A34911ED403848B67ADD64 /* InputView.swift */,
			);
			path = Input;
			sourceTree = "<group>";
		};
		AC0383A53126FB26F7C9681A /* List */ = {
			isa = PBXGroup;
			children = (
				041027BACC73BF1B53F4168A /* ThreadListView.swift */,
				121DA09FF5E2FBEC754EF4F0 /* ThreadRowView.swift */,
			);
			path = List;
			sourceTree = "<group>";
		};
		E99D7C2F60490DC73AD19E59 /* BakusokuMemoAppTests */ = {
			isa = PBXGroup;
			children = (
				8F99749C1D2EBA9C1832C7E4 /* BakusokuMemoAppTests.swift */,
			);
			path = BakusokuMemoAppTests;
			sourceTree = "<group>";
		};
		F138D3CB47170DEA3A2B5A25 /* Detail */ = {
			isa = PBXGroup;
			children = (
				4D247BF077237E1AE486399C /* MemoHistoryView.swift */,
				A089AF910B284FC6712CFF44 /* ThreadDetailView.swift */,
			);
			path = Detail;
			sourceTree = "<group>";
		};
		F7F6CD3B8C16EABEBE5DBBE3 /* Features */ = {
			isa = PBXGroup;
			children = (
				710D3B758B64A1B9E739E6A4 /* MemoProcessor.swift */,
				BB861EDC8D5C8ACF200B7F67 /* ThreadFormatter.swift */,
			);
			path = Features;
			sourceTree = "<group>";
		};
		F8FB4E01D2D14A20FDE32BDD /* BakusokuMemoApp */ = {
			isa = PBXGroup;
			children = (
				CD82C92D1F10F8220AD97F63 /* Info.plist */,
				574C87EF375268F67B5EF6A5 /* App */,
				F7F6CD3B8C16EABEBE5DBBE3 /* Features */,
				FD9C1A1DE7B0D48FE1619350 /* Generable */,
				5558FFF2479C7E2CA18F4F66 /* Models */,
				02514DC6A14C277A63DFDA64 /* Resources */,
				60A464232E55F0A65360B0D8 /* Views */,
			);
			path = BakusokuMemoApp;
			sourceTree = "<group>";
		};
		FD9C1A1DE7B0D48FE1619350 /* Generable */ = {
			isa = PBXGroup;
			children = (
				7D2D25DC3D6CEBB0CC94B296 /* FormattedThread.swift */,
				BA8D3FDDA5F5EC07BFC3A99E /* ThreadSuggestion.swift */,
			);
			path = Generable;
			sourceTree = "<group>";
		};
/* End PBXGroup section */

/* Begin PBXNativeTarget section */
		715F1FEA76C44D494ECB5945 /* BakusokuMemoAppTests */ = {
			isa = PBXNativeTarget;
			buildConfigurationList = 179A66DFC23A665A4310DCEF /* Build configuration list for PBXNativeTarget "BakusokuMemoAppTests" */;
			buildPhases = (
				B84DD14C878B9E1BE07CB9F0 /* Sources */,
			);
			buildRules = (
			);
			dependencies = (
				BF315282AD24A30306F1EFE2 /* PBXTargetDependency */,
			);
			name = BakusokuMemoAppTests;
			packageProductDependencies = (
			);
			productName = BakusokuMemoAppTests;
			productReference = 0579E06613C8FAA67026BA38 /* BakusokuMemoAppTests.xctest */;
			productType = "com.apple.product-type.bundle.unit-test";
		};
		ECCEB6D333D262A5E121EA35 /* BakusokuMemoApp */ = {
			isa = PBXNativeTarget;
			buildConfigurationList = 54D296704694E0C78302D1C3 /* Build configuration list for PBXNativeTarget "BakusokuMemoApp" */;
			buildPhases = (
				DC8FC208B768E784F791E5AD /* Sources */,
				EBEA1EC08C864D6B47BC8930 /* Resources */,
				934F822377827C32D4FE9E84 /* Frameworks */,
			);
			buildRules = (
			);
			dependencies = (
			);
			name = BakusokuMemoApp;
			packageProductDependencies = (
			);
			productName = BakusokuMemoApp;
			productReference = CBA5A7ADBA5984C5A81DE310 /* BakusokuMemoApp.app */;
			productType = "com.apple.product-type.application";
		};
/* End PBXNativeTarget section */

/* Begin PBXProject section */
		999DCCEC9236BDA73750186B /* Project object */ = {
			isa = PBXProject;
			attributes = {
				BuildIndependentTargetsInParallel = YES;
				LastUpgradeCheck = 1640;
				TargetAttributes = {
					715F1FEA76C44D494ECB5945 = {
						DevelopmentTeam = "";
					};
					ECCEB6D333D262A5E121EA35 = {
						DevelopmentTeam = "";
					};
				};
			};
			buildConfigurationList = 13B52CA9B174E67FDC32E70A /* Build configuration list for PBXProject "BakusokuMemoApp" */;
			compatibilityVersion = "Xcode 14.0";
			developmentRegion = en;
			hasScannedForEncodings = 0;
			knownRegions = (
				Base,
				en,
			);
			mainGroup = 73E660554A8A2313584F77FE;
			minimizedProjectReferenceProxies = 1;
			preferredProjectObjectVersion = 77;
			projectDirPath = "";
			projectRoot = "";
			targets = (
				ECCEB6D333D262A5E121EA35 /* BakusokuMemoApp */,
				715F1FEA76C44D494ECB5945 /* BakusokuMemoAppTests */,
			);
		};
/* End PBXProject section */

/* Begin PBXResourcesBuildPhase section */
		EBEA1EC08C864D6B47BC8930 /* Resources */ = {
			isa = PBXResourcesBuildPhase;
			buildActionMask = 2147483647;
			files = (
				E099A344233CFB4EF1BF4F90 /* Localizable.strings in Resources */,
			);
			runOnlyForDeploymentPostprocessing = 0;
		};
/* End PBXResourcesBuildPhase section */

/* Begin PBXSourcesBuildPhase section */
		B84DD14C878B9E1BE07CB9F0 /* Sources */ = {
			isa = PBXSourcesBuildPhase;
			buildActionMask = 2147483647;
			files = (
				D2FA68082316C1CD668B7575 /* BakusokuMemoAppTests.swift in Sources */,
			);
			runOnlyForDeploymentPostprocessing = 0;
		};
		DC8FC208B768E784F791E5AD /* Sources */ = {
			isa = PBXSourcesBuildPhase;
			buildActionMask = 2147483647;
			files = (
				567B10941E55495DC6B9FB5F /* AppleIntelligenceErrorView.swift in Sources */,
				FDB733AB2E32474EBA6C2756 /* BakusokuMemoApp.swift in Sources */,
				2C798F6A7632C4935507839F /* ContentRootView.swift in Sources */,
				5A6DF8C46608591BF936EB3D /* FormattedThread.swift in Sources */,
				0FE1CD196745B81ADA86FE86 /* InputView.swift in Sources */,
				087462FCFA32A0F406C5DB8C /* MemoHistoryView.swift in Sources */,
				572E85F1AB949272AD2D99E3 /* MemoProcessor.swift in Sources */,
				D4517908202F76B9BB99474E /* PendingMemo.swift in Sources */,
				D8F29CA69FEFE8795D8D0DBB /* RootView.swift in Sources */,
				BF37A2977D7053B44FDF6630 /* Thread.swift in Sources */,
				7C0274ADC640665D669A5820 /* ThreadDetailView.swift in Sources */,
				1DC4481D5BCD5DC3D07B4AA1 /* ThreadFormatter.swift in Sources */,
				484FE608CBB708DAF5A2C4B9 /* ThreadItem.swift in Sources */,
				BD6DBAE08DD0A518B0B04BD3 /* ThreadListView.swift in Sources */,
				F2F7CDBB69EB36611568C1F9 /* ThreadRowView.swift in Sources */,
				290A58969F3724621B5EFAF7 /* ThreadSuggestion.swift in Sources */,
				C6D1A737F5AFF400D0F7E317 /* TriageCardView.swift in Sources */,
				E90F787409FA0621E0134F3B /* TriageSheetView.swift in Sources */,
			);
			runOnlyForDeploymentPostprocessing = 0;
		};
/* End PBXSourcesBuildPhase section */

/* Begin PBXTargetDependency section */
		BF315282AD24A30306F1EFE2 /* PBXTargetDependency */ = {
			isa = PBXTargetDependency;
			target = ECCEB6D333D262A5E121EA35 /* BakusokuMemoApp */;
			targetProxy = 7FD68EF22755BE7B812CA0A3 /* PBXContainerItemProxy */;
		};
/* End PBXTargetDependency section */

/* Begin XCBuildConfiguration section */
		0341F29E2635E231992B2B9D /* Debug */ = {
			isa = XCBuildConfiguration;
			buildSettings = {
				ASSETCATALOG_COMPILER_APPICON_NAME = AppIcon;
				CODE_SIGN_IDENTITY = "iPhone Developer";
				INFOPLIST_FILE = BakusokuMemoApp/Info.plist;
				LD_RUNPATH_SEARCH_PATHS = (
					"$(inherited)",
					"@executable_path/Frameworks",
				);
				PRODUCT_BUNDLE_IDENTIFIER = com.hogehoge315.BakusokuMemoApp;
				SDKROOT = iphoneos;
				TARGETED_DEVICE_FAMILY = "1,2";
			};
			name = Debug;
		};
		1ECF54AEA9887E96B4EF4599 /* Release */ = {
			isa = XCBuildConfiguration;
			buildSettings = {
				ASSETCATALOG_COMPILER_APPICON_NAME = AppIcon;
				CODE_SIGN_IDENTITY = "iPhone Developer";
				INFOPLIST_FILE = BakusokuMemoApp/Info.plist;
				LD_RUNPATH_SEARCH_PATHS = (
					"$(inherited)",
					"@executable_path/Frameworks",
				);
				PRODUCT_BUNDLE_IDENTIFIER = com.hogehoge315.BakusokuMemoApp;
				SDKROOT = iphoneos;
				TARGETED_DEVICE_FAMILY = "1,2";
			};
			name = Release;
		};
		50BFE0FE9A0BF8DA015C8EC8 /* Debug */ = {
			isa = XCBuildConfiguration;
			buildSettings = {
				BUNDLE_LOADER = "$(TEST_HOST)";
				LD_RUNPATH_SEARCH_PATHS = (
					"$(inherited)",
					"@executable_path/Frameworks",
					"@loader_path/Frameworks",
				);
				PRODUCT_BUNDLE_IDENTIFIER = com.hogehoge315.BakusokuMemoAppTests;
				SDKROOT = iphoneos;
				TARGETED_DEVICE_FAMILY = "1,2";
				TEST_HOST = "$(BUILT_PRODUCTS_DIR)/BakusokuMemoApp.app/BakusokuMemoApp";
			};
			name = Debug;
		};
		520F05569BCB078369025847 /* Release */ = {
			isa = XCBuildConfiguration;
			buildSettings = {
				ALWAYS_SEARCH_USER_PATHS = NO;
				CLANG_ANALYZER_NONNULL = YES;
				CLANG_ANALYZER_NUMBER_OBJECT_CONVERSION = YES_AGGRESSIVE;
				CLANG_CXX_LANGUAGE_STANDARD = "gnu++14";
				CLANG_CXX_LIBRARY = "libc++";
				CLANG_ENABLE_MODULES = YES;
				CLANG_ENABLE_OBJC_ARC = YES;
				CLANG_ENABLE_OBJC_WEAK = YES;
				CLANG_WARN_BLOCK_CAPTURE_AUTORELEASING = YES;
				CLANG_WARN_BOOL_CONVERSION = YES;
				CLANG_WARN_COMMA = YES;
				CLANG_WARN_CONSTANT_CONVERSION = YES;
				CLANG_WARN_DEPRECATED_OBJC_IMPLEMENTATIONS = YES;
				CLANG_WARN_DIRECT_OBJC_ISA_USAGE = YES_ERROR;
				CLANG_WARN_DOCUMENTATION_COMMENTS = YES;
				CLANG_WARN_EMPTY_BODY = YES;
				CLANG_WARN_ENUM_CONVERSION = YES;
				CLANG_WARN_INFINITE_RECURSION = YES;
				CLANG_WARN_INT_CONVERSION = YES;
				CLANG_WARN_NON_LITERAL_NULL_CONVERSION = YES;
				CLANG_WARN_OBJC_IMPLICIT_RETAIN_SELF = YES;
				CLANG_WARN_OBJC_LITERAL_CONVERSION = YES;
				CLANG_WARN_OBJC_ROOT_CLASS = YES_ERROR;
				CLANG_WARN_QUOTED_INCLUDE_IN_FRAMEWORK_HEADER = YES;
				CLANG_WARN_RANGE_LOOP_ANALYSIS = YES;
				CLANG_WARN_STRICT_PROTOTYPES = YES;
				CLANG_WARN_SUSPICIOUS_MOVE = YES;
				CLANG_WARN_UNGUARDED_AVAILABILITY = YES_AGGRESSIVE;
				CLANG_WARN_UNREACHABLE_CODE = YES;
				CLANG_WARN__DUPLICATE_METHOD_MATCH = YES;
				COPY_PHASE_STRIP = NO;
				CURRENT_PROJECT_VERSION = 1;
				DEBUG_INFORMATION_FORMAT = "dwarf-with-dsym";
				DEVELOPMENT_TEAM = "";
				ENABLE_NS_ASSERTIONS = NO;
				ENABLE_STRICT_OBJC_MSGSEND = YES;
				ENABLE_USER_SCRIPT_SANDBOXING = NO;
				GCC_C_LANGUAGE_STANDARD = gnu11;
				GCC_NO_COMMON_BLOCKS = YES;
				GCC_WARN_64_TO_32_BIT_CONVERSION = YES;
				GCC_WARN_ABOUT_RETURN_TYPE = YES_ERROR;
				GCC_WARN_UNDECLARED_SELECTOR = YES;
				GCC_WARN_UNINITIALIZED_AUTOS = YES_AGGRESSIVE;
				GCC_WARN_UNUSED_FUNCTION = YES;
				GCC_WARN_UNUSED_VARIABLE = YES;
				IPHONEOS_DEPLOYMENT_TARGET = 26.0;
				MARKETING_VERSION = 1.0;
				MTL_ENABLE_DEBUG_INFO = NO;
				MTL_FAST_MATH = YES;
				PRODUCT_NAME = "$(TARGET_NAME)";
				SDKROOT = iphoneos;
				SWIFT_COMPILATION_MODE = wholemodule;
				SWIFT_OPTIMIZATION_LEVEL = "-O";
				SWIFT_STRICT_CONCURRENCY = complete;
				SWIFT_VERSION = 6.0;
			};
			name = Release;
		};
		710EFBDF906D7D765609B945 /* Release */ = {
			isa = XCBuildConfiguration;
			buildSettings = {
				BUNDLE_LOADER = "$(TEST_HOST)";
				LD_RUNPATH_SEARCH_PATHS = (
					"$(inherited)",
					"@executable_path/Frameworks",
					"@loader_path/Frameworks",
				);
				PRODUCT_BUNDLE_IDENTIFIER = com.hogehoge315.BakusokuMemoAppTests;
				SDKROOT = iphoneos;
				TARGETED_DEVICE_FAMILY = "1,2";
				TEST_HOST = "$(BUILT_PRODUCTS_DIR)/BakusokuMemoApp.app/BakusokuMemoApp";
			};
			name = Release;
		};
		C66B72C3A38A4CA1CD0050C8 /* Debug */ = {
			isa = XCBuildConfiguration;
			buildSettings = {
				ALWAYS_SEARCH_USER_PATHS = NO;
				CLANG_ANALYZER_NONNULL = YES;
				CLANG_ANALYZER_NUMBER_OBJECT_CONVERSION = YES_AGGRESSIVE;
				CLANG_CXX_LANGUAGE_STANDARD = "gnu++14";
				CLANG_CXX_LIBRARY = "libc++";
				CLANG_ENABLE_MODULES = YES;
				CLANG_ENABLE_OBJC_ARC = YES;
				CLANG_ENABLE_OBJC_WEAK = YES;
				CLANG_WARN_BLOCK_CAPTURE_AUTORELEASING = YES;
				CLANG_WARN_BOOL_CONVERSION = YES;
				CLANG_WARN_COMMA = YES;
				CLANG_WARN_CONSTANT_CONVERSION = YES;
				CLANG_WARN_DEPRECATED_OBJC_IMPLEMENTATIONS = YES;
				CLANG_WARN_DIRECT_OBJC_ISA_USAGE = YES_ERROR;
				CLANG_WARN_DOCUMENTATION_COMMENTS = YES;
				CLANG_WARN_EMPTY_BODY = YES;
				CLANG_WARN_ENUM_CONVERSION = YES;
				CLANG_WARN_INFINITE_RECURSION = YES;
				CLANG_WARN_INT_CONVERSION = YES;
				CLANG_WARN_NON_LITERAL_NULL_CONVERSION = YES;
				CLANG_WARN_OBJC_IMPLICIT_RETAIN_SELF = YES;
				CLANG_WARN_OBJC_LITERAL_CONVERSION = YES;
				CLANG_WARN_OBJC_ROOT_CLASS = YES_ERROR;
				CLANG_WARN_QUOTED_INCLUDE_IN_FRAMEWORK_HEADER = YES;
				CLANG_WARN_RANGE_LOOP_ANALYSIS = YES;
				CLANG_WARN_STRICT_PROTOTYPES = YES;
				CLANG_WARN_SUSPICIOUS_MOVE = YES;
				CLANG_WARN_UNGUARDED_AVAILABILITY = YES_AGGRESSIVE;
				CLANG_WARN_UNREACHABLE_CODE = YES;
				CLANG_WARN__DUPLICATE_METHOD_MATCH = YES;
				COPY_PHASE_STRIP = NO;
				CURRENT_PROJECT_VERSION = 1;
				DEBUG_INFORMATION_FORMAT = dwarf;
				DEVELOPMENT_TEAM = "";
				ENABLE_STRICT_OBJC_MSGSEND = YES;
				ENABLE_TESTABILITY = YES;
				ENABLE_USER_SCRIPT_SANDBOXING = NO;
				GCC_C_LANGUAGE_STANDARD = gnu11;
				GCC_DYNAMIC_NO_PIC = NO;
				GCC_NO_COMMON_BLOCKS = YES;
				GCC_OPTIMIZATION_LEVEL = 0;
				GCC_PREPROCESSOR_DEFINITIONS = (
					"$(inherited)",
					"DEBUG=1",
				);
				GCC_WARN_64_TO_32_BIT_CONVERSION = YES;
				GCC_WARN_ABOUT_RETURN_TYPE = YES_ERROR;
				GCC_WARN_UNDECLARED_SELECTOR = YES;
				GCC_WARN_UNINITIALIZED_AUTOS = YES_AGGRESSIVE;
				GCC_WARN_UNUSED_FUNCTION = YES;
				GCC_WARN_UNUSED_VARIABLE = YES;
				IPHONEOS_DEPLOYMENT_TARGET = 26.0;
				MARKETING_VERSION = 1.0;
				MTL_ENABLE_DEBUG_INFO = INCLUDE_SOURCE;
				MTL_FAST_MATH = YES;
				ONLY_ACTIVE_ARCH = YES;
				PRODUCT_NAME = "$(TARGET_NAME)";
				SDKROOT = iphoneos;
				SWIFT_ACTIVE_COMPILATION_CONDITIONS = DEBUG;
				SWIFT_OPTIMIZATION_LEVEL = "-Onone";
				SWIFT_STRICT_CONCURRENCY = complete;
				SWIFT_VERSION = 6.0;
			};
			name = Debug;
		};
/* End XCBuildConfiguration section */

/* Begin XCConfigurationList section */
		13B52CA9B174E67FDC32E70A /* Build configuration list for PBXProject "BakusokuMemoApp" */ = {
			isa = XCConfigurationList;
			buildConfigurations = (
				C66B72C3A38A4CA1CD0050C8 /* Debug */,
				520F05569BCB078369025847 /* Release */,
			);
			defaultConfigurationIsVisible = 0;
			defaultConfigurationName = Debug;
		};
		179A66DFC23A665A4310DCEF /* Build configuration list for PBXNativeTarget "BakusokuMemoAppTests" */ = {
			isa = XCConfigurationList;
			buildConfigurations = (
				50BFE0FE9A0BF8DA015C8EC8 /* Debug */,
				710EFBDF906D7D765609B945 /* Release */,
			);
			defaultConfigurationIsVisible = 0;
			defaultConfigurationName = Debug;
		};
		54D296704694E0C78302D1C3 /* Build configuration list for PBXNativeTarget "BakusokuMemoApp" */ = {
			isa = XCConfigurationList;
			buildConfigurations = (
				0341F29E2635E231992B2B9D /* Debug */,
				1ECF54AEA9887E96B4EF4599 /* Release */,
			);
			defaultConfigurationIsVisible = 0;
			defaultConfigurationName = Debug;
		};
/* End XCConfigurationList section */
	};
	rootObject = 999DCCEC9236BDA73750186B /* Project object */;
}
